// !$*UTF8*$!
{
	archiveVersion = 1;
	classes = {
	};
	objectVersion = 46;
	objects = {

/* Begin PBXBuildFile section */
		39B1EA241D82602D00341B78 /* AppDelegate.swift in Sources */ = {isa = PBXBuildFile; fileRef = 39B1EA231D82602D00341B78 /* AppDelegate.swift */; };
		39B1EA261D82602D00341B78 /* ViewController.swift in Sources */ = {isa = PBXBuildFile; fileRef = 39B1EA251D82602D00341B78 /* ViewController.swift */; };
		39B1EA291D82602D00341B78 /* Main.storyboard in Resources */ = {isa = PBXBuildFile; fileRef = 39B1EA271D82602D00341B78 /* Main.storyboard */; };
		39B1EA2B1D82602D00341B78 /* Assets.xcassets in Resources */ = {isa = PBXBuildFile; fileRef = 39B1EA2A1D82602D00341B78 /* Assets.xcassets */; };
		39B1EA2E1D82602D00341B78 /* LaunchScreen.storyboard in Resources */ = {isa = PBXBuildFile; fileRef = 39B1EA2C1D82602D00341B78 /* LaunchScreen.storyboard */; };
		39B1EA361D82609100341B78 /* myLayer.swift in Sources */ = {isa = PBXBuildFile; fileRef = 39B1EA351D82609100341B78 /* myLayer.swift */; };
/* End PBXBuildFile section */

/* Begin PBXFileReference section */
		39B1EA201D82602D00341B78 /* 自定义layer.app */ = {isa = PBXFileReference; explicitFileType = wrapper.application; includeInIndex = 0; path = "自定义layer.app"; sourceTree = BUILT_PRODUCTS_DIR; };
		39B1EA231D82602D00341B78 /* AppDelegate.swift */ = {isa = PBXFileReference; lastKnownFileType = sourcecode.swift; path = AppDelegate.swift; sourceTree = "<group>"; };
		39B1EA251D82602D00341B78 /* ViewController.swift */ = {isa = PBXFileReference; lastKnownFileType = sourcecode.swift; path = ViewController.swift; sourceTree = "<group>"; };
		39B1EA281D82602D00341B78 /* Base */ = {isa = PBXFileReference; lastKnownFileType = file.storyboard; name = Base; path = Base.lproj/Main.storyboard; sourceTree = "<group>"; };
		39B1EA2A1D82602D00341B78 /* Assets.xcassets */ = {isa = PBXFileReference; lastKnownFileType = folder.assetcatalog; path = Assets.xcassets; sourceTree = "<group>"; };
		39B1EA2D1D82602D00341B78 /* Base */ = {isa = PBXFileReference; lastKnownFileType = file.storyboard; name = Base; path = Base.lproj/LaunchScreen.storyboard; sourceTree = "<group>"; };
		39B1EA2F1D82602D00341B78 /* Info.plist */ = {isa = PBXFileReference; lastKnownFileType = text.plist.xml; path = Info.plist; sourceTree = "<group>"; };
		39B1EA351D82609100341B78 /* myLayer.swift */ = {isa = PBXFileReference; fileEncoding = 4; lastKnownFileType = sourcecode.swift; path = myLayer.swift; sourceTree = "<group>"; };
/* End PBXFileReference section */

/* Begin PBXFrameworksBuildPhase section */
		39B1EA1D1D82602D00341B78 /* Frameworks */ = {
			isa = PBXFrameworksBuildPhase;
			buildActionMask = 2147483647;
			files = (
			);
			runOnlyForDeploymentPostprocessing = 0;
		};
/* End PBXFrameworksBuildPhase section */

/* Begin PBXGroup section */
		39B1EA171D82602D00341B78 = {
			isa = PBXGroup;
			children = (
				39B1EA221D82602D00341B78 /* 自定义layer */,
				39B1EA211D82602D00341B78 /* Products */,
			);
			sourceTree = "<group>";
		};
		39B1EA211D82602D00341B78 /* Products */ = {
			isa = PBXGroup;
			children = (
				39B1EA201D82602D00341B78 /* 自定义layer.app */,
			);
			name = Products;
			sourceTree = "<group>";
		};
		39B1EA221D82602D00341B78 /* 自定义layer */ = {
			isa = PBXGroup;
			children = (
				39B1EA231D82602D00341B78 /* AppDelegate.swift */,
				39B1EA251D82602D00341B78 /* ViewController.swift */,
				39B1EA351D82609100341B78 /* myLayer.swift */,
				39B1EA271D82602D00341B78 /* Main.storyboard */,
				39B1EA2A1D82602D00341B78 /* Assets.xcassets */,
				39B1EA2C1D82602D00341B78 /* LaunchScreen.storyboard */,
				39B1EA2F1D82602D00341B78 /* Info.plist */,
			);
			path = "自定义layer";
			sourceTree = "<group>";
		};
/* End PBXGroup section */

/* Begin PBXNativeTarget section */
		39B1EA1F1D82602D00341B78 /* 自定义layer */ = {
			isa = PBXNativeTarget;
			buildConfigurationList = 39B1EA321D82602D00341B78 /* Build configuration list for PBXNativeTarget "自定义layer" */;
			buildPhases = (
				39B1EA1C1D82602D00341B78 /* Sources */,
				39B1EA1D1D82602D00341B78 /* Frameworks */,
				39B1EA1E1D82602D00341B78 /* Resources */,
			);
			buildRules = (
			);
			dependencies = (
			);
			name = "自定义layer";
			productName = "自定义layer";
			productReference = 39B1EA201D82602D00341B78 /* 自定义layer.app */;
			productType = "com.apple.product-type.application";
		};
/* End PBXNativeTarget section */

/* Begin PBXProject section */
		39B1EA181D82602D00341B78 /* Project object */ = {
			isa = PBXProject;
			attributes = {
				LastSwiftUpdateCheck = 0720;
				LastUpgradeCheck = 0720;
				ORGANIZATIONNAME = zhuxing;
				TargetAttributes = {
					39B1EA1F1D82602D00341B78 = {
						CreatedOnToolsVersion = 7.2;
						DevelopmentTeam = 8534JSW7A9;
					};
				};
			};
			buildConfigurationList = 39B1EA1B1D82602D00341B78 /* Build configuration list for PBXProject "自定义layer" */;
			compatibilityVersion = "Xcode 3.2";
			developmentRegion = English;
			hasScannedForEncodings = 0;
			knownRegions = (
				en,
				Base,
			);
			mainGroup = 39B1EA171D82602D00341B78;
			productRefGroup = 39B1EA211D82602D00341B78 /* Products */;
			projectDirPath = "";
			projectRoot = "";
			targets = (
				39B1EA1F1D82602D00341B78 /* 自定义layer */,
			);
		};
/* End PBXProject section */

/* Begin PBXResourcesBuildPhase section */
		39B1EA1E1D82602D00341B78 /* Resources */ = {
			isa = PBXResourcesBuildPhase;
			buildActionMask = 2147483647;
			files = (
				39B1EA2E1D82602D00341B78 /* LaunchScreen.storyboard in Resources */,
				39B1EA2B1D82602D00341B78 /* Assets.xcassets in Resources */,
				39B1EA291D82602D00341B78 /* Main.storyboard in Resources */,
			);
			runOnlyForDeploymentPostprocessing = 0;
		};
/* End PBXResourcesBuildPhase section */

/* Begin PBXSourcesBuildPhase section */
		39B1EA1C1D82602D00341B78 /* Sources */ = {
			isa = PBXSourcesBuildPhase;
			buildActionMask = 2147483647;
			files = (
				39B1EA261D82602D00341B78 /* ViewController.swift in Sources */,
				39B1EA361D82609100341B78 /* myLayer.swift in Sources */,
				39B1EA241D82602D00341B78 /* AppDelegate.swift in Sources */,
			);
			runOnlyForDeploymentPostprocessing = 0;
		};
/* End PBXSourcesBuildPhase section */

/* Begin PBXVariantGroup section */
		39B1EA271D82602D00341B78 /* Main.storyboard */ = {
			isa = PBXVariantGroup;
			children = (
				39B1EA281D82602D00341B78 /* Base */,
			);
			name = Main.storyboard;
			sourceTree = "<group>";
		};
		39B1EA2C1D82602D00341B78 /* LaunchScreen.storyboard */ = {
			isa = PBXVariantGroup;
			children = (
				39B1EA2D1D82602D00341B78 /* Base */,
			);
			name = LaunchScreen.storyboard;
			sourceTree = "<group>";
		};
/* End PBXVariantGroup section */

/* Begin XCBuildConfiguration section */
		39B1EA301D82602D00341B78 /* Debug */ = {
			isa = XCBuildConfiguration;
			buildSettings = {
				ALWAYS_SEARCH_USER_PATHS = NO;
				CLANG_CXX_LANGUAGE_STANDARD = "gnu++0x";
				CLANG_CXX_LIBRARY = "libc++";
				CLANG_ENABLE_MODULES = YES;
				CLANG_ENABLE_OBJC_ARC = YES;
				CLANG_WARN_BOOL_CONVERSION = YES;
				CLANG_WARN_CONSTANT_CONVERSION = YES;
				CLANG_WARN_DIRECT_OBJC_ISA_USAGE = YES_ERROR;
				CLANG_WARN_EMPTY_BODY = YES;
				CLANG_WARN_ENUM_CONVERSION = YES;
				CLANG_WARN_INT_CONVERSION = YES;
				CLANG_WARN_OBJC_ROOT_CLASS = YES_ERROR;
				CLANG_WARN_UNREACHABLE_CODE = YES;
				CLANG_WARN__DUPLICATE_METHOD_MATCH = YES;
				"CODE_SIGN_IDENTITY[sdk=iphoneos*]" = "iPhone Developer";
				COPY_PHASE_STRIP = NO;
				DEBUG_INFORMATION_FORMAT = dwarf;
				ENABLE_STRICT_OBJC_MSGSEND = YES;
				ENABLE_TESTABILITY = YES;
				GCC_C_LANGUAGE_STANDARD = gnu99;
				GCC_DYNAMIC_NO_PIC = NO;
				GCC_NO_COMMON_BLOCKS = YES;
				GCC_OPTIMIZATION_LEVEL = 0;
				GCC_PREPROCESSOR_DEFINITIONS = (
					"DEBUG=1",
					"$(inherited)",
				);
				GCC_WARN_64_TO_32_BIT_CONVERSION = YES;
				GCC_WARN_ABOUT_RETURN_TYPE = YES_ERROR;
				GCC_WARN_UNDECLARED_SELECTOR = YES;
				GCC_WARN_UNINITIALIZED_AUTOS = YES_AGGRESSIVE;
				GCC_WARN_UNUSED_FUNCTION = YES;
				GCC_WARN_UNUSED_VARIABLE = YES;
				IPHONEOS_DEPLOYMENT_TARGET = 9.2;
				MTL_ENABLE_DEBUG_INFO = YES;
				ONLY_ACTIVE_ARCH = YES;
				SDKROOT = iphoneos;
				SWIFT_OPTIMIZATION_LEVEL = "-Onone";
			};
			name = Debug;
		};
		39B1EA311D82602D00341B78 /* Release */ = {
			isa = XCBuildConfiguration;
			buildSettings = {
				ALWAYS_SEARCH_USER_PATHS = NO;
				CLANG_CXX_LANGUAGE_STANDARD = "gnu++0x";
				CLANG_CXX_LIBRARY = "libc++";
				CLANG_ENABLE_MODULES = YES;
				CLANG_ENABLE_OBJC_ARC = YES;
				CLANG_WARN_BOOL_CONVERSION = YES;
				CLANG_WARN_CONSTANT_CONVERSION = YES;
				CLANG_WARN_DIRECT_OBJC_ISA_USAGE = YES_ERROR;
				CLANG_WARN_EMPTY_BODY = YES;
				CLANG_WARN_ENUM_CONVERSION = YES;
				CLANG_WARN_INT_CONVERSION = YES;
				CLANG_WARN_OBJC_ROOT_CLASS = YES_ERROR;
				CLANG_WARN_UNREACHABLE_CODE = YES;
				CLANG_WARN__DUPLICATE_METHOD_MATCH = YES;
				"CODE_SIGN_IDENTITY[sdk=iphoneos*]" = "iPhone Developer";
				COPY_PHASE_STRIP = NO;
				DEBUG_INFORMATION_FORMAT = "dwarf-with-dsym";
				ENABLE_NS_ASSERTIONS = NO;
				ENABLE_STRICT_OBJC_MSGSEND = YES;
				GCC_C_LANGUAGE_STANDARD = gnu99;
				GCC_NO_COMMON_BLOCKS = YES;
				GCC_WARN_64_TO_32_BIT_CONVERSION = YES;
				GCC_WARN_ABOUT_RETURN_TYPE = YES_ERROR;
				GCC_WARN_UNDECLARED_SELECTOR = YES;
				GCC_WARN_UNINITIALIZED_AUTOS = YES_AGGRESSIVE;
				GCC_WARN_UNUSED_FUNCTION = YES;
				GCC_WARN_UNUSED_VARIABLE = YES;
				IPHONEOS_DEPLOYMENT_TARGET = 9.2;
				MTL_ENABLE_DEBUG_INFO = NO;
				SDKROOT = iphoneos;
				VALIDATE_PRODUCT = YES;
			};
			name = Release;
		};
		39B1EA331D82602D00341B78 /* Debug */ = {
			isa = XCBuildConfiguration;
			buildSettings = {
				ASSETCATALOG_COMPILER_APPICON_NAME = AppIcon;
				INFOPLIST_FILE = "自定义layer/Info.plist";
				LD_RUNPATH_SEARCH_PATHS = "$(inherited) @executable_path/Frameworks";
				PRODUCT_BUNDLE_IDENTIFIER = "com.zhuxing.---layer";
				PRODUCT_NAME = "$(TARGET_NAME)";
			};
			name = Debug;
		};
		39B1EA341D82602D00341B78 /* Release */ = {
			isa = XCBuildConfiguration;
			buildSettings = {
				ASSETCATALOG_COMPILER_APPICON_NAME = AppIcon;
				INFOPLIST_FILE = "自定义layer/Info.plist";
				LD_RUNPATH_SEARCH_PATHS = "$(inherited) @executable_path/Frameworks";
				PRODUCT_BUNDLE_IDENTIFIER = "com.zhuxing.---layer";
				PRODUCT_NAME = "$(TARGET_NAME)";
			};
			name = Release;
		};
/* End XCBuildConfiguration section */

/* Begin XCConfigurationList section */
		39B1EA1B1D82602D00341B78 /* Build configuration list for PBXProject "自定义layer" */ = {
			isa = XCConfigurationList;
			buildConfigurations = (
				39B1EA301D82602D00341B78 /* Debug */,
				39B1EA311D82602D00341B78 /* Release */,
			);
			defaultConfigurationIsVisible = 0;
			defaultConfigurationName = Release;
		};
		39B1EA321D82602D00341B78 /* Build configuration list for PBXNativeTarget "自定义layer" */ = {
			isa = XCConfigurationList;
			buildConfigurations = (
				39B1EA331D82602D00341B78 /* Debug */,
				39B1EA341D82602D00341B78 /* Release */,
			);
			defaultConfigurationIsVisible = 0;
		};
/* End XCConfigurationList section */
	};
	rootObject = 39B1EA181D82602D00341B78 /* Project object */;
}
